
Microsoft Visual Studio Solution File, Format Version 12.00
# Visual Studio Version 16
VisualStudioVersion = 16.0.29306.81
MinimumVisualStudioVersion = 10.0.40219.1
Project("{FAE04EC0-301F-11D3-BF4B-00C04F79EFBC}") = "buricMarioPonavljanje2", "buricMarioPonavljanje2\buricMarioPonavljanje2.csproj", "{A0B46DFD-145E-41FD-AF14-C5E8F04EB282}"
EndProject
Global
	GlobalSection(SolutionConfigurationPlatforms) = preSolution
		Debug|Any CPU = Debug|Any CPU
		Release|Any CPU = Release|Any CPU
	EndGlobalSection
	GlobalSection(ProjectConfigurationPlatforms) = postSolution
		{A0B46DFD-145E-41FD-AF14-C5E8F04EB282}.Debug|Any CPU.ActiveCfg = Debug|Any CPU
		{A0B46DFD-145E-41FD-AF14-C5E8F04EB282}.Debug|Any CPU.Build.0 = Debug|Any CPU
		{A0B46DFD-145E-41FD-AF14-C5E8F04EB282}.Release|Any CPU.ActiveCfg = Release|Any CPU
		{A0B46DFD-145E-41FD-AF14-C5E8F04EB282}.Release|Any CPU.Build.0 = Release|Any CPU
	EndGlobalSection
	GlobalSection(SolutionProperties) = preSolution
		HideSolutionNode = FALSE
	EndGlobalSection
	GlobalSection(ExtensibilityGlobals) = postSolution
		SolutionGuid = {770B5FA8-FB61-49AB-AE3F-381E0C0E9BEC}
	EndGlobalSection
EndGlobal
